
Microsoft Visual Studio Solution File, Format Version 12.00
Project("{FAE04EC0-301F-11D3-BF4B-00C04F79EFBC}") = "OrganizareConcursInot", "OrganizareConcursInot\OrganizareConcursInot.csproj", "{97C58B2C-3EF7-4CC8-8B74-473B387C640E}"
EndProject
Global
	GlobalSection(SolutionConfigurationPlatforms) = preSolution
		Debug|Any CPU = Debug|Any CPU
		Release|Any CPU = Release|Any CPU
	EndGlobalSection
	GlobalSection(ProjectConfigurationPlatforms) = postSolution
		{97C58B2C-3EF7-4CC8-8B74-473B387C640E}.Debug|Any CPU.ActiveCfg = Debug|Any CPU
		{97C58B2C-3EF7-4CC8-8B74-473B387C640E}.Debug|Any CPU.Build.0 = Debug|Any CPU
		{97C58B2C-3EF7-4CC8-8B74-473B387C640E}.Release|Any CPU.ActiveCfg = Release|Any CPU
		{97C58B2C-3EF7-4CC8-8B74-473B387C640E}.Release|Any CPU.Build.0 = Release|Any CPU
	EndGlobalSection
EndGlobal
